# THIS IS AN AUTOGENERATED FILE. DO NOT EDIT THIS FILE DIRECTLY.
# yarn lockfile v1


date-fns@^3.2.0:
  version "3.2.0"
  resolved "https://registry.yarnpkg.com/date-fns/-/date-fns-3.2.0.tgz#c97cf685b62c829aa4ecba554e4a51768cf0bffc"
  integrity sha512-E4KWKavANzeuusPi0jUjpuI22SURAznGkx7eZV+4i6x2A+IZxAMcajgkvuDAU1bg40+xuhW1zRdVIIM/4khuIg==
